
Microsoft Visual Studio Solution File, Format Version 12.00
Project("{FAE04EC0-301F-11D3-BF4B-00C04F79EFBC}") = "Architect", src\Architect\Architect.csproj", "{3FD259EB-04EB-4AFC-80F2-AAE33860ADE6}"
EndProject
Project("{FAE04EC0-301F-11D3-BF4B-00C04F79EFBC}") = "Architect", "src\Architect\Architect.csproj", "{C727ADC6-A11D-4532-8034-F1B5FC636242}"
EndProject
Global
	GlobalSection(SolutionConfigurationPlatforms) = preSolution
		Debug|Any CPU = Debug|Any CPU
		Release|Any CPU = Release|Any CPU
	EndGlobalSection
	GlobalSection(ProjectConfigurationPlatforms) = postSolution
		{3FD259EB-04EB-4AFC-80F2-AAE33860ADE6}.Debug|Any CPU.ActiveCfg = Debug|Any CPU
		{3FD259EB-04EB-4AFC-80F2-AAE33860ADE6}.Debug|Any CPU.Build.0 = Debug|Any CPU
		{3FD259EB-04EB-4AFC-80F2-AAE33860ADE6}.Release|Any CPU.ActiveCfg = Release|Any CPU
		{3FD259EB-04EB-4AFC-80F2-AAE33860ADE6}.Release|Any CPU.Build.0 = Release|Any CPU
		{C727ADC6-A11D-4532-8034-F1B5FC636242}.Debug|Any CPU.ActiveCfg = Debug|Any CPU
		{C727ADC6-A11D-4532-8034-F1B5FC636242}.Debug|Any CPU.Build.0 = Debug|Any CPU
		{C727ADC6-A11D-4532-8034-F1B5FC636242}.Release|Any CPU.ActiveCfg = Release|Any CPU
		{C727ADC6-A11D-4532-8034-F1B5FC636242}.Release|Any CPU.Build.0 = Release|Any CPU
	EndGlobalSection
EndGlobal
